
Microsoft Visual Studio Solution File, Format Version 12.00
# Visual Studio Version 16
VisualStudioVersion = 16.0.30621.155
MinimumVisualStudioVersion = 10.0.40219.1
Project("{FAE04EC0-301F-11D3-BF4B-00C04F79EFBC}") = "MyWiki", "MyWiki\MyWiki.csproj", "{964F0349-B7CA-4065-B53B-92465C2A9ECD}"
EndProject
Project("{00D1A9C2-B5F0-4AF3-8072-F6C62B433612}") = "WikiDB", "WikiDB\WikiDB.sqlproj", "{889C25E2-A9EA-4951-9E6D-7E1DA99E23CD}"
EndProject
Global
	GlobalSection(SolutionConfigurationPlatforms) = preSolution
		Debug|Any CPU = Debug|Any CPU
		Release|Any CPU = Release|Any CPU
	EndGlobalSection
	GlobalSection(ProjectConfigurationPlatforms) = postSolution
		{964F0349-B7CA-4065-B53B-92465C2A9ECD}.Debug|Any CPU.ActiveCfg = Debug|Any CPU
		{964F0349-B7CA-4065-B53B-92465C2A9ECD}.Debug|Any CPU.Build.0 = Debug|Any CPU
		{964F0349-B7CA-4065-B53B-92465C2A9ECD}.Release|Any CPU.ActiveCfg = Release|Any CPU
		{964F0349-B7CA-4065-B53B-92465C2A9ECD}.Release|Any CPU.Build.0 = Release|Any CPU
		{889C25E2-A9EA-4951-9E6D-7E1DA99E23CD}.Debug|Any CPU.ActiveCfg = Debug|Any CPU
		{889C25E2-A9EA-4951-9E6D-7E1DA99E23CD}.Debug|Any CPU.Build.0 = Debug|Any CPU
		{889C25E2-A9EA-4951-9E6D-7E1DA99E23CD}.Debug|Any CPU.Deploy.0 = Debug|Any CPU
		{889C25E2-A9EA-4951-9E6D-7E1DA99E23CD}.Release|Any CPU.ActiveCfg = Release|Any CPU
		{889C25E2-A9EA-4951-9E6D-7E1DA99E23CD}.Release|Any CPU.Build.0 = Release|Any CPU
		{889C25E2-A9EA-4951-9E6D-7E1DA99E23CD}.Release|Any CPU.Deploy.0 = Release|Any CPU
	EndGlobalSection
	GlobalSection(SolutionProperties) = preSolution
		HideSolutionNode = FALSE
	EndGlobalSection
	GlobalSection(ExtensibilityGlobals) = postSolution
		SolutionGuid = {0EF9C964-7A4C-424D-B5BB-5CF77642CD3E}
	EndGlobalSection
EndGlobal
